<?xml version="1.0" encoding="utf-8"?>
<Project ToolsVersion="4.0" xmlns="http://schemas.microsoft.com/developer/msbuild/2003">
  <ItemGroup>
    <Filter Include="Source Files">
      <UniqueIdentifier>{4FC737F1-C7A5-4376-A066-2A32D752A2FF}</UniqueIdentifier>
      <Extensions>cpp;c;cc;cxx;def;odl;idl;hpj;bat;asm;asmx</Extensions>
    </Filter>
    <Filter Include="Source Files\tests">
      <UniqueIdentifier>{ee8e505f-3265-4e0f-8c94-b0f565deb247}</UniqueIdentifier>
    </Filter>
    <Filter Include="Source Files\shaders">
      <UniqueIdentifier>{95317c23-655c-4d54-9b9e-937332ceb1fc}</UniqueIdentifier>
    </Filter>
    <Filter Include="Source Files\shaders\dx11">
      <UniqueIdentifier>{77e38d00-6c2c-4bd9-be68-ac63d982a312}</UniqueIdentifier>
    </Filter>
    <Filter Include="Source Files\shaders\dx12">
      <UniqueIdentifier>{53d43b84-f152-44c8-bc96-7b40bec58335}</UniqueIdentifier>
    </Filter>
  </ItemGroup>
  <ItemGroup>
    <ClCompile Include="src\fixture.cpp">
      <Filter>Source Files</Filter>
    </ClCompile>
    <ClCompile Include="src\main.cpp">
      <Filter>Source Files</Filter>
    </ClCompile>
    <ClCompile Include="src\check.cpp">
      <Filter>Source Files</Filter>
    </ClCompile>
    <ClCompile Include="src\tests\image.cpp">
      <Filter>Source Files\tests</Filter>
    </ClCompile>
    <ClCompile Include="src\tests\shader.cpp">
      <Filter>Source Files\tests</Filter>
    </ClCompile>
    <ClCompile Include="src\common.cpp">
      <Filter>Source Files</Filter>
    </ClCompile>
    <ClCompile Include="src\utils.cpp">
      <Filter>Source Files</Filter>
    </ClCompile>
  </ItemGroup>
  <ItemGroup>
    <None Include="packages.config" />
    <None Include="src\shaders\utility.hlsl">
      <Filter>Source Files\shaders</Filter>
    </None>
    <None Include="src\shaders\dispatch.h">
      <Filter>Source Files\shaders</Filter>
    </None>
    <None Include="src\shaders\color20.hlsl">
      <Filter>Source Files\shaders</Filter>
    </None>
  </ItemGroup>
  <ItemGroup>
    <ClInclude Include="src\check.h">
      <Filter>Source Files</Filter>
    </ClInclude>
    <ClInclude Include="src\fixture.h">
      <Filter>Source Files</Filter>
    </ClInclude>
    <ClInclude Include="src\common.h">
      <Filter>Source Files</Filter>
    </ClInclude>
    <ClInclude Include="src\shaders\cbuffers.h">
      <Filter>Source Files\shaders</Filter>
    </ClInclude>
    <ClInclude Include="src\utils.h">
      <Filter>Source Files</Filter>
    </ClInclude>
  </ItemGroup>
  <ItemGroup>
    <FxCompile Include="src\shaders\dx11\colorFaces.hlsl">
      <Filter>Source Files\shaders\dx11</Filter>
    </FxCompile>
    <FxCompile Include="src\shaders\dx11\colorMips.hlsl">
      <Filter>Source Files\shaders\dx11</Filter>
    </FxCompile>
    <FxCompile Include="src\shaders\dx11\dirToFaces.hlsl">
      <Filter>Source Files\shaders\dx11</Filter>
    </FxCompile>
    <FxCompile Include="src\shaders\dx11\downsample.hlsl">
      <Filter>Source Files\shaders\dx11</Filter>
    </FxCompile>
    <FxCompile Include="src\shaders\dx11\fillBuffer.hlsl">
      <Filter>Source Files\shaders\dx11</Filter>
    </FxCompile>
    <FxCompile Include="src\shaders\dx11\packNormals.hlsl">
      <Filter>Source Files\shaders\dx11</Filter>
    </FxCompile>
    <FxCompile Include="src\shaders\dx11\resize.hlsl">
      <Filter>Source Files\shaders\dx11</Filter>
    </FxCompile>
  </ItemGroup>
  <ItemGroup>
    <CustomBuild Include="src\shaders\dx12\fillBuffer.hlsl">
      <Filter>Source Files\shaders\dx12</Filter>
    </CustomBuild>
    <CustomBuild Include="src\shaders\dx12\colorMips.hlsl">
      <Filter>Source Files\shaders\dx12</Filter>
    </CustomBuild>
    <CustomBuild Include="src\shaders\dx12\packNormals.hlsl">
      <Filter>Source Files\shaders\dx12</Filter>
    </CustomBuild>
    <CustomBuild Include="src\shaders\dx12\dirToFaces.hlsl">
      <Filter>Source Files\shaders\dx12</Filter>
    </CustomBuild>
    <CustomBuild Include="src\shaders\dx12\colorFaces.hlsl">
      <Filter>Source Files\shaders\dx12</Filter>
    </CustomBuild>
    <CustomBuild Include="src\shaders\dx12\resize.hlsl">
      <Filter>Source Files\shaders\dx12</Filter>
    </CustomBuild>
  </ItemGroup>
</Project>