
Microsoft Visual Studio Solution File, Format Version 12.00
# Visual Studio 15
VisualStudioVersion = 15.0.28307.136
MinimumVisualStudioVersion = 10.0.40219.1
Project("{8BC9CEB8-8B4A-11D0-8D11-00A0C91BC942}") = "cmft", "external\cmft\cmft.vcxproj", "{0AB3D531-15B1-48CC-AD70-613B6535AE5A}"
EndProject
Project("{8BC9CEB8-8B4A-11D0-8D11-00A0C91BC942}") = "ninniku", "ninniku.vcxproj", "{AD7CE19B-0383-4590-8CED-F0EA6EBDC8AF}"
EndProject
Project("{8BC9CEB8-8B4A-11D0-8D11-00A0C91BC942}") = "unit_test", "unit_test\unit_test.vcxproj", "{A4B19748-8979-4001-AFA3-8810C54A3140}"
EndProject
Project("{8BC9CEB8-8B4A-11D0-8D11-00A0C91BC942}") = "simple", "simple\simple.vcxproj", "{BB7909C6-0280-4132-9C7F-FF33EEEAD273}"
EndProject
Global
	GlobalSection(SolutionConfigurationPlatforms) = preSolution
		Debug|x64 = Debug|x64
		Release|x64 = Release|x64
	EndGlobalSection
	GlobalSection(ProjectConfigurationPlatforms) = postSolution
		{0AB3D531-15B1-48CC-AD70-613B6535AE5A}.Debug|x64.ActiveCfg = Debug|x64
		{0AB3D531-15B1-48CC-AD70-613B6535AE5A}.Debug|x64.Build.0 = Debug|x64
		{0AB3D531-15B1-48CC-AD70-613B6535AE5A}.Release|x64.ActiveCfg = Release|x64
		{0AB3D531-15B1-48CC-AD70-613B6535AE5A}.Release|x64.Build.0 = Release|x64
		{AD7CE19B-0383-4590-8CED-F0EA6EBDC8AF}.Debug|x64.ActiveCfg = Debug|x64
		{AD7CE19B-0383-4590-8CED-F0EA6EBDC8AF}.Debug|x64.Build.0 = Debug|x64
		{AD7CE19B-0383-4590-8CED-F0EA6EBDC8AF}.Release|x64.ActiveCfg = Release|x64
		{AD7CE19B-0383-4590-8CED-F0EA6EBDC8AF}.Release|x64.Build.0 = Release|x64
		{A4B19748-8979-4001-AFA3-8810C54A3140}.Debug|x64.ActiveCfg = Debug|x64
		{A4B19748-8979-4001-AFA3-8810C54A3140}.Debug|x64.Build.0 = Debug|x64
		{A4B19748-8979-4001-AFA3-8810C54A3140}.Release|x64.ActiveCfg = Release|x64
		{A4B19748-8979-4001-AFA3-8810C54A3140}.Release|x64.Build.0 = Release|x64
		{BB7909C6-0280-4132-9C7F-FF33EEEAD273}.Debug|x64.ActiveCfg = Debug|x64
		{BB7909C6-0280-4132-9C7F-FF33EEEAD273}.Debug|x64.Build.0 = Debug|x64
		{BB7909C6-0280-4132-9C7F-FF33EEEAD273}.Release|x64.ActiveCfg = Release|x64
		{BB7909C6-0280-4132-9C7F-FF33EEEAD273}.Release|x64.Build.0 = Release|x64
	EndGlobalSection
	GlobalSection(SolutionProperties) = preSolution
		HideSolutionNode = FALSE
	EndGlobalSection
	GlobalSection(ExtensibilityGlobals) = postSolution
		SolutionGuid = {5FF9F444-A7C1-4FB1-AE84-985192615EF9}
	EndGlobalSection
EndGlobal
