
Microsoft Visual Studio Solution File, Format Version 12.00
# Visual Studio Version 16
VisualStudioVersion = 16.0.30330.147
MinimumVisualStudioVersion = 10.0.40219.1
Project("{8BC9CEB8-8B4A-11D0-8D11-00A0C91BC942}") = "cmft", "external\cmft\cmft.vcxproj", "{0AB3D531-15B1-48CC-AD70-613B6535AE5A}"
EndProject
Project("{8BC9CEB8-8B4A-11D0-8D11-00A0C91BC942}") = "ninniku", "ninniku.vcxproj", "{AD7CE19B-0383-4590-8CED-F0EA6EBDC8AF}"
EndProject
Project("{8BC9CEB8-8B4A-11D0-8D11-00A0C91BC942}") = "unit_test", "unit_test\unit_test.vcxproj", "{A4B19748-8979-4001-AFA3-8810C54A3140}"
	ProjectSection(ProjectDependencies) = postProject
		{5C106EDC-821B-45D2-A5B6-D3971FDEB5E4} = {5C106EDC-821B-45D2-A5B6-D3971FDEB5E4}
	EndProjectSection
EndProject
Project("{8BC9CEB8-8B4A-11D0-8D11-00A0C91BC942}") = "simple", "simple\simple.vcxproj", "{BB7909C6-0280-4132-9C7F-FF33EEEAD273}"
EndProject
Project("{2150E333-8FDC-42A3-9474-1A3956D46DE8}") = "Solution Items", "Solution Items", "{1D686FB5-29AB-42AE-9009-ECBDE02ADEB0}"
	ProjectSection(SolutionItems) = preProject
		CONTRIBUTORS.md = CONTRIBUTORS.md
		LICENSE = LICENSE
		README.md = README.md
	EndProjectSection
EndProject
Project("{9A19103F-16F7-4668-BE54-9A1E7A4F7556}") = "shader_compiler", "shader_compiler\shader_compiler.csproj", "{5C106EDC-821B-45D2-A5B6-D3971FDEB5E4}"
EndProject
Global
	GlobalSection(SolutionConfigurationPlatforms) = preSolution
		Debug|Any CPU = Debug|Any CPU
		Debug|x64 = Debug|x64
		Release|Any CPU = Release|Any CPU
		Release|x64 = Release|x64
		Trace|Any CPU = Trace|Any CPU
		Trace|x64 = Trace|x64
	EndGlobalSection
	GlobalSection(ProjectConfigurationPlatforms) = postSolution
		{0AB3D531-15B1-48CC-AD70-613B6535AE5A}.Debug|Any CPU.ActiveCfg = Debug|x64
		{0AB3D531-15B1-48CC-AD70-613B6535AE5A}.Debug|x64.ActiveCfg = Debug|x64
		{0AB3D531-15B1-48CC-AD70-613B6535AE5A}.Debug|x64.Build.0 = Debug|x64
		{0AB3D531-15B1-48CC-AD70-613B6535AE5A}.Release|Any CPU.ActiveCfg = Release|x64
		{0AB3D531-15B1-48CC-AD70-613B6535AE5A}.Release|x64.ActiveCfg = Release|x64
		{0AB3D531-15B1-48CC-AD70-613B6535AE5A}.Release|x64.Build.0 = Release|x64
		{0AB3D531-15B1-48CC-AD70-613B6535AE5A}.Trace|Any CPU.ActiveCfg = Trace|x64
		{0AB3D531-15B1-48CC-AD70-613B6535AE5A}.Trace|x64.ActiveCfg = Trace|x64
		{0AB3D531-15B1-48CC-AD70-613B6535AE5A}.Trace|x64.Build.0 = Trace|x64
		{AD7CE19B-0383-4590-8CED-F0EA6EBDC8AF}.Debug|Any CPU.ActiveCfg = Debug|x64
		{AD7CE19B-0383-4590-8CED-F0EA6EBDC8AF}.Debug|x64.ActiveCfg = Debug|x64
		{AD7CE19B-0383-4590-8CED-F0EA6EBDC8AF}.Debug|x64.Build.0 = Debug|x64
		{AD7CE19B-0383-4590-8CED-F0EA6EBDC8AF}.Release|Any CPU.ActiveCfg = Release|x64
		{AD7CE19B-0383-4590-8CED-F0EA6EBDC8AF}.Release|x64.ActiveCfg = Release|x64
		{AD7CE19B-0383-4590-8CED-F0EA6EBDC8AF}.Release|x64.Build.0 = Release|x64
		{AD7CE19B-0383-4590-8CED-F0EA6EBDC8AF}.Trace|Any CPU.ActiveCfg = Trace|x64
		{AD7CE19B-0383-4590-8CED-F0EA6EBDC8AF}.Trace|x64.ActiveCfg = Trace|x64
		{AD7CE19B-0383-4590-8CED-F0EA6EBDC8AF}.Trace|x64.Build.0 = Trace|x64
		{A4B19748-8979-4001-AFA3-8810C54A3140}.Debug|Any CPU.ActiveCfg = Debug|x64
		{A4B19748-8979-4001-AFA3-8810C54A3140}.Debug|x64.ActiveCfg = Debug|x64
		{A4B19748-8979-4001-AFA3-8810C54A3140}.Debug|x64.Build.0 = Debug|x64
		{A4B19748-8979-4001-AFA3-8810C54A3140}.Release|Any CPU.ActiveCfg = Release|x64
		{A4B19748-8979-4001-AFA3-8810C54A3140}.Release|x64.ActiveCfg = Release|x64
		{A4B19748-8979-4001-AFA3-8810C54A3140}.Release|x64.Build.0 = Release|x64
		{A4B19748-8979-4001-AFA3-8810C54A3140}.Trace|Any CPU.ActiveCfg = Trace|x64
		{A4B19748-8979-4001-AFA3-8810C54A3140}.Trace|x64.ActiveCfg = Trace|x64
		{A4B19748-8979-4001-AFA3-8810C54A3140}.Trace|x64.Build.0 = Trace|x64
		{BB7909C6-0280-4132-9C7F-FF33EEEAD273}.Debug|Any CPU.ActiveCfg = Debug|x64
		{BB7909C6-0280-4132-9C7F-FF33EEEAD273}.Debug|x64.ActiveCfg = Debug|x64
		{BB7909C6-0280-4132-9C7F-FF33EEEAD273}.Debug|x64.Build.0 = Debug|x64
		{BB7909C6-0280-4132-9C7F-FF33EEEAD273}.Release|Any CPU.ActiveCfg = Release|x64
		{BB7909C6-0280-4132-9C7F-FF33EEEAD273}.Release|x64.ActiveCfg = Release|x64
		{BB7909C6-0280-4132-9C7F-FF33EEEAD273}.Release|x64.Build.0 = Release|x64
		{BB7909C6-0280-4132-9C7F-FF33EEEAD273}.Trace|Any CPU.ActiveCfg = Trace|x64
		{BB7909C6-0280-4132-9C7F-FF33EEEAD273}.Trace|x64.ActiveCfg = Trace|x64
		{BB7909C6-0280-4132-9C7F-FF33EEEAD273}.Trace|x64.Build.0 = Trace|x64
		{5C106EDC-821B-45D2-A5B6-D3971FDEB5E4}.Debug|Any CPU.ActiveCfg = Debug|Any CPU
		{5C106EDC-821B-45D2-A5B6-D3971FDEB5E4}.Debug|Any CPU.Build.0 = Debug|Any CPU
		{5C106EDC-821B-45D2-A5B6-D3971FDEB5E4}.Debug|x64.ActiveCfg = Debug|Any CPU
		{5C106EDC-821B-45D2-A5B6-D3971FDEB5E4}.Debug|x64.Build.0 = Debug|Any CPU
		{5C106EDC-821B-45D2-A5B6-D3971FDEB5E4}.Release|Any CPU.ActiveCfg = Release|Any CPU
		{5C106EDC-821B-45D2-A5B6-D3971FDEB5E4}.Release|Any CPU.Build.0 = Release|Any CPU
		{5C106EDC-821B-45D2-A5B6-D3971FDEB5E4}.Release|x64.ActiveCfg = Release|Any CPU
		{5C106EDC-821B-45D2-A5B6-D3971FDEB5E4}.Release|x64.Build.0 = Release|Any CPU
		{5C106EDC-821B-45D2-A5B6-D3971FDEB5E4}.Trace|Any CPU.ActiveCfg = Debug|Any CPU
		{5C106EDC-821B-45D2-A5B6-D3971FDEB5E4}.Trace|Any CPU.Build.0 = Debug|Any CPU
		{5C106EDC-821B-45D2-A5B6-D3971FDEB5E4}.Trace|x64.ActiveCfg = Trace|Any CPU
		{5C106EDC-821B-45D2-A5B6-D3971FDEB5E4}.Trace|x64.Build.0 = Trace|Any CPU
	EndGlobalSection
	GlobalSection(SolutionProperties) = preSolution
		HideSolutionNode = FALSE
	EndGlobalSection
	GlobalSection(ExtensibilityGlobals) = postSolution
		SolutionGuid = {5FF9F444-A7C1-4FB1-AE84-985192615EF9}
	EndGlobalSection
EndGlobal
