<?xml version="1.0" encoding="utf-8"?>
<Project ToolsVersion="4.0" xmlns="http://schemas.microsoft.com/developer/msbuild/2003">
  <ItemGroup>
    <Filter Include="Source Files">
      <UniqueIdentifier>{4FC737F1-C7A5-4376-A066-2A32D752A2FF}</UniqueIdentifier>
      <Extensions>cpp;c;cc;cxx;def;odl;idl;hpj;bat;asm;asmx</Extensions>
    </Filter>
    <Filter Include="Source Files\utils">
      <UniqueIdentifier>{5e90b6a1-b7c6-4c83-a38c-a930c87619ee}</UniqueIdentifier>
    </Filter>
    <Filter Include="Include">
      <UniqueIdentifier>{479c4862-4492-44e3-8eee-a0c2f4e475c9}</UniqueIdentifier>
    </Filter>
    <Filter Include="Include\core">
      <UniqueIdentifier>{5f568ac1-0d00-4291-80a0-88cad9bee54c}</UniqueIdentifier>
    </Filter>
    <Filter Include="Include\core\image">
      <UniqueIdentifier>{e74f9545-12b0-4417-83e3-a0dd6eae7d1f}</UniqueIdentifier>
    </Filter>
    <Filter Include="Source Files\core">
      <UniqueIdentifier>{4da043e9-40c3-4fb6-b563-d62b2bc12f27}</UniqueIdentifier>
    </Filter>
    <Filter Include="Source Files\core\image">
      <UniqueIdentifier>{1af98406-f9d1-4194-afaa-abdd912490a1}</UniqueIdentifier>
    </Filter>
    <Filter Include="Include\core\renderer">
      <UniqueIdentifier>{eb83b084-3d34-4ea9-bbb8-c559c0b7f3db}</UniqueIdentifier>
    </Filter>
    <Filter Include="Source Files\core\renderer">
      <UniqueIdentifier>{18839f85-7841-4ab9-92a9-bdae08e7a89e}</UniqueIdentifier>
    </Filter>
    <Filter Include="Source Files\core\renderer\dx11">
      <UniqueIdentifier>{f2e48192-a364-48c2-aa47-271d307f3aee}</UniqueIdentifier>
    </Filter>
    <Filter Include="Source Files\core\renderer\dx12">
      <UniqueIdentifier>{d40cf3e3-f8cd-4641-87ca-58290091b874}</UniqueIdentifier>
    </Filter>
  </ItemGroup>
  <ItemGroup>
    <ClCompile Include="src\utils\log.cpp">
      <Filter>Source Files\utils</Filter>
    </ClCompile>
    <ClCompile Include="src\utils\misc.cpp">
      <Filter>Source Files\utils</Filter>
    </ClCompile>
    <ClCompile Include="src\ninniku.cpp">
      <Filter>Source Files</Filter>
    </ClCompile>
    <ClCompile Include="src\utils\mathUtils.cpp">
      <Filter>Source Files\utils</Filter>
    </ClCompile>
    <ClCompile Include="src\types.cpp">
      <Filter>Source Files</Filter>
    </ClCompile>
    <ClCompile Include="src\core\image\cmft.cpp">
      <Filter>Source Files\core\image</Filter>
    </ClCompile>
    <ClCompile Include="src\core\image\cmft_impl.cpp">
      <Filter>Source Files\core\image</Filter>
    </ClCompile>
    <ClCompile Include="src\core\image\dds.cpp">
      <Filter>Source Files\core\image</Filter>
    </ClCompile>
    <ClCompile Include="src\core\image\dds_impl.cpp">
      <Filter>Source Files\core\image</Filter>
    </ClCompile>
    <ClCompile Include="src\core\image\generic.cpp">
      <Filter>Source Files\core\image</Filter>
    </ClCompile>
    <ClCompile Include="src\core\image\generic_impl.cpp">
      <Filter>Source Files\core\image</Filter>
    </ClCompile>
    <ClCompile Include="src\core\image\image_impl.cpp">
      <Filter>Source Files\core\image</Filter>
    </ClCompile>
    <ClCompile Include="src\core\renderer\dx12\dxc_utils.cpp">
      <Filter>Source Files\core\renderer\dx12</Filter>
    </ClCompile>
    <ClCompile Include="src\core\renderer\dx11\dx11_types.cpp">
      <Filter>Source Files\core\renderer\dx11</Filter>
    </ClCompile>
    <ClCompile Include="src\core\renderer\dx11\dx11.cpp">
      <Filter>Source Files\core\renderer\dx11</Filter>
    </ClCompile>
    <ClCompile Include="src\core\renderer\dx12\dx12.cpp">
      <Filter>Source Files\core\renderer\dx12</Filter>
    </ClCompile>
    <ClCompile Include="src\core\renderer\dx12\dx12_types.cpp">
      <Filter>Source Files\core\renderer\dx12</Filter>
    </ClCompile>
    <ClCompile Include="src\utils\object_tracker.cpp">
      <Filter>Source Files\utils</Filter>
    </ClCompile>
    <ClCompile Include="external\tracy\TracyClient.cpp">
      <Filter>Source Files\utils</Filter>
    </ClCompile>
  </ItemGroup>
  <ItemGroup>
    <None Include="packages.config" />
  </ItemGroup>
  <ItemGroup>
    <ClInclude Include="src\utils\log.h">
      <Filter>Source Files\utils</Filter>
    </ClInclude>
    <ClInclude Include="src\utils\misc.h">
      <Filter>Source Files\utils</Filter>
    </ClInclude>
    <ClInclude Include="include\ninniku\types.h">
      <Filter>Include</Filter>
    </ClInclude>
    <ClInclude Include="include\ninniku\ninniku.h">
      <Filter>Include</Filter>
    </ClInclude>
    <ClInclude Include="src\utils\mathUtils.h">
      <Filter>Source Files\utils</Filter>
    </ClInclude>
    <ClInclude Include="include\ninniku\utils.h">
      <Filter>Include</Filter>
    </ClInclude>
    <ClInclude Include="include\ninniku\export.h">
      <Filter>Include</Filter>
    </ClInclude>
    <ClInclude Include="include\ninniku\core\image\cmft.h">
      <Filter>Include\core\image</Filter>
    </ClInclude>
    <ClInclude Include="include\ninniku\core\image\dds.h">
      <Filter>Include\core\image</Filter>
    </ClInclude>
    <ClInclude Include="include\ninniku\core\image\generic.h">
      <Filter>Include\core\image</Filter>
    </ClInclude>
    <ClInclude Include="include\ninniku\core\image\image.h">
      <Filter>Include\core\image</Filter>
    </ClInclude>
    <ClInclude Include="src\core\image\cmft_impl.h">
      <Filter>Source Files\core\image</Filter>
    </ClInclude>
    <ClInclude Include="src\core\image\dds_impl.h">
      <Filter>Source Files\core\image</Filter>
    </ClInclude>
    <ClInclude Include="src\core\image\generic_impl.h">
      <Filter>Source Files\core\image</Filter>
    </ClInclude>
    <ClInclude Include="src\core\image\image_impl.h">
      <Filter>Source Files\core\image</Filter>
    </ClInclude>
    <ClInclude Include="include\ninniku\core\renderer\renderdevice.h">
      <Filter>Include\core\renderer</Filter>
    </ClInclude>
    <ClInclude Include="include\ninniku\core\renderer\types.h">
      <Filter>Include\core\renderer</Filter>
    </ClInclude>
    <ClInclude Include="src\globals.h">
      <Filter>Source Files</Filter>
    </ClInclude>
    <ClInclude Include="src\core\renderer\dx12\dxc_utils.h">
      <Filter>Source Files\core\renderer\dx12</Filter>
    </ClInclude>
    <ClInclude Include="src\core\renderer\null.h">
      <Filter>Source Files\core\renderer</Filter>
    </ClInclude>
    <ClInclude Include="src\utils\vector_set.h">
      <Filter>Source Files\utils</Filter>
    </ClInclude>
    <ClInclude Include="src\core\renderer\dx11\dx11_types.h">
      <Filter>Source Files\core\renderer\dx11</Filter>
    </ClInclude>
    <ClInclude Include="src\core\renderer\dx11\dx11.h">
      <Filter>Source Files\core\renderer\dx11</Filter>
    </ClInclude>
    <ClInclude Include="src\core\renderer\dx12\dx12.h">
      <Filter>Source Files\core\renderer\dx12</Filter>
    </ClInclude>
    <ClInclude Include="src\core\renderer\dx12\dx12_types.h">
      <Filter>Source Files\core\renderer\dx12</Filter>
    </ClInclude>
    <ClInclude Include="src\core\renderer\dx_common.h">
      <Filter>Source Files\core\renderer</Filter>
    </ClInclude>
    <ClInclude Include="src\utils\string_map.h">
      <Filter>Source Files\utils</Filter>
    </ClInclude>
    <ClInclude Include="src\utils\object_tracker.h">
      <Filter>Source Files\utils</Filter>
    </ClInclude>
    <ClInclude Include="src\utils\trace.h">
      <Filter>Source Files\utils</Filter>
    </ClInclude>
    <ClInclude Include="include\ninniku\core\renderer\rendergraph.h">
      <Filter>Include\core\renderer</Filter>
    </ClInclude>
  </ItemGroup>
</Project>